// !$*UTF8*$!
{
	archiveVersion = 1;
	classes = {
	};
	objectVersion = 55;
	objects = {

/* Begin PBXBuildFile section */
		D214F7E22808DE6600E29678 /* Grandview_SchedulerApp.swift in Sources */ = {isa = PBXBuildFile; fileRef = D214F7E12808DE6600E29678 /* Grandview_SchedulerApp.swift */; };
		D214F7E42808DE6600E29678 /* ContentView.swift in Sources */ = {isa = PBXBuildFile; fileRef = D214F7E32808DE6600E29678 /* ContentView.swift */; };
		D214F7E62808DE6700E29678 /* Assets.xcassets in Resources */ = {isa = PBXBuildFile; fileRef = D214F7E52808DE6700E29678 /* Assets.xcassets */; };
		D214F7E92808DE6700E29678 /* Preview Assets.xcassets in Resources */ = {isa = PBXBuildFile; fileRef = D214F7E82808DE6700E29678 /* Preview Assets.xcassets */; };
		D214F7F52808DF2300E29678 /* Home.swift in Sources */ = {isa = PBXBuildFile; fileRef = D214F7F42808DF2300E29678 /* Home.swift */; };
		D214F7F72808DF3100E29678 /* Custom_Date_Picker.swift in Sources */ = {isa = PBXBuildFile; fileRef = D214F7F62808DF3100E29678 /* Custom_Date_Picker.swift */; };
		D214F7FB2808DFC900E29678 /* Task.swift in Sources */ = {isa = PBXBuildFile; fileRef = D214F7FA2808DFC900E29678 /* Task.swift */; };
		D214F7FD2808DFF500E29678 /* TaskForm.swift in Sources */ = {isa = PBXBuildFile; fileRef = D214F7FC2808DFF500E29678 /* TaskForm.swift */; };
		D214F7FF2808E02400E29678 /* DateValue.swift in Sources */ = {isa = PBXBuildFile; fileRef = D214F7FE2808E02400E29678 /* DateValue.swift */; };
		D214F8012808E05800E29678 /* LunchMenu.swift in Sources */ = {isa = PBXBuildFile; fileRef = D214F8002808E05800E29678 /* LunchMenu.swift */; };
		D214F8032808E0A300E29678 /* LinkDetails.swift in Sources */ = {isa = PBXBuildFile; fileRef = D214F8022808E0A300E29678 /* LinkDetails.swift */; };
		D214F8052808E0B500E29678 /* LunchList.swift in Sources */ = {isa = PBXBuildFile; fileRef = D214F8042808E0B500E29678 /* LunchList.swift */; };
		D214F8072808E0E500E29678 /* ExtracirricularsDetails.swift in Sources */ = {isa = PBXBuildFile; fileRef = D214F8062808E0E500E29678 /* ExtracirricularsDetails.swift */; };
		D214F8092808E10900E29678 /* ExtracirricularDetailView.swift in Sources */ = {isa = PBXBuildFile; fileRef = D214F8082808E10900E29678 /* ExtracirricularDetailView.swift */; };
		D214F80B2808E14500E29678 /* ExtracirricularsList.swift in Sources */ = {isa = PBXBuildFile; fileRef = D214F80A2808E14500E29678 /* ExtracirricularsList.swift */; };
/* End PBXBuildFile section */

/* Begin PBXFileReference section */
		D214F7DE2808DE6600E29678 /* Grandview Scheduler.app */ = {isa = PBXFileReference; explicitFileType = wrapper.application; includeInIndex = 0; path = "Grandview Scheduler.app"; sourceTree = BUILT_PRODUCTS_DIR; };
		D214F7E12808DE6600E29678 /* Grandview_SchedulerApp.swift */ = {isa = PBXFileReference; lastKnownFileType = sourcecode.swift; path = Grandview_SchedulerApp.swift; sourceTree = "<group>"; };
		D214F7E32808DE6600E29678 /* ContentView.swift */ = {isa = PBXFileReference; lastKnownFileType = sourcecode.swift; path = ContentView.swift; sourceTree = "<group>"; };
		D214F7E52808DE6700E29678 /* Assets.xcassets */ = {isa = PBXFileReference; lastKnownFileType = folder.assetcatalog; path = Assets.xcassets; sourceTree = "<group>"; };
		D214F7E82808DE6700E29678 /* Preview Assets.xcassets */ = {isa = PBXFileReference; lastKnownFileType = folder.assetcatalog; path = "Preview Assets.xcassets"; sourceTree = "<group>"; };
		D214F7F42808DF2300E29678 /* Home.swift */ = {isa = PBXFileReference; lastKnownFileType = sourcecode.swift; path = Home.swift; sourceTree = "<group>"; };
		D214F7F62808DF3100E29678 /* Custom_Date_Picker.swift */ = {isa = PBXFileReference; lastKnownFileType = sourcecode.swift; path = Custom_Date_Picker.swift; sourceTree = "<group>"; };
		D214F7FA2808DFC900E29678 /* Task.swift */ = {isa = PBXFileReference; lastKnownFileType = sourcecode.swift; path = Task.swift; sourceTree = "<group>"; };
		D214F7FC2808DFF500E29678 /* TaskForm.swift */ = {isa = PBXFileReference; lastKnownFileType = sourcecode.swift; path = TaskForm.swift; sourceTree = "<group>"; };
		D214F7FE2808E02400E29678 /* DateValue.swift */ = {isa = PBXFileReference; lastKnownFileType = sourcecode.swift; path = DateValue.swift; sourceTree = "<group>"; };
		D214F8002808E05800E29678 /* LunchMenu.swift */ = {isa = PBXFileReference; lastKnownFileType = sourcecode.swift; path = LunchMenu.swift; sourceTree = "<group>"; };
		D214F8022808E0A300E29678 /* LinkDetails.swift */ = {isa = PBXFileReference; lastKnownFileType = sourcecode.swift; path = LinkDetails.swift; sourceTree = "<group>"; };
		D214F8042808E0B500E29678 /* LunchList.swift */ = {isa = PBXFileReference; lastKnownFileType = sourcecode.swift; path = LunchList.swift; sourceTree = "<group>"; };
		D214F8062808E0E500E29678 /* ExtracirricularsDetails.swift */ = {isa = PBXFileReference; lastKnownFileType = sourcecode.swift; path = ExtracirricularsDetails.swift; sourceTree = "<group>"; };
		D214F8082808E10900E29678 /* ExtracirricularDetailView.swift */ = {isa = PBXFileReference; lastKnownFileType = sourcecode.swift; path = ExtracirricularDetailView.swift; sourceTree = "<group>"; };
		D214F80A2808E14500E29678 /* ExtracirricularsList.swift */ = {isa = PBXFileReference; lastKnownFileType = sourcecode.swift; path = ExtracirricularsList.swift; sourceTree = "<group>"; };
/* End PBXFileReference section */

/* Begin PBXFrameworksBuildPhase section */
		D214F7DB2808DE6600E29678 /* Frameworks */ = {
			isa = PBXFrameworksBuildPhase;
			buildActionMask = 2147483647;
			files = (
			);
			runOnlyForDeploymentPostprocessing = 0;
		};
/* End PBXFrameworksBuildPhase section */

/* Begin PBXGroup section */
		D214F7D52808DE6600E29678 = {
			isa = PBXGroup;
			children = (
				D214F7E02808DE6600E29678 /* Grandview Scheduler */,
				D214F7DF2808DE6600E29678 /* Products */,
			);
			sourceTree = "<group>";
		};
		D214F7DF2808DE6600E29678 /* Products */ = {
			isa = PBXGroup;
			children = (
				D214F7DE2808DE6600E29678 /* Grandview Scheduler.app */,
			);
			name = Products;
			sourceTree = "<group>";
		};
		D214F7E02808DE6600E29678 /* Grandview Scheduler */ = {
			isa = PBXGroup;
			children = (
				D214F7F12808DEB500E29678 /* ToDoList */,
				D214F7F02808DEA900E29678 /* Extracirriculars */,
				D214F7EF2808DEA200E29678 /* Links */,
				D214F7F32808DECE00E29678 /* View */,
				D214F7F22808DEC800E29678 /* Model */,
				D214F7E12808DE6600E29678 /* Grandview_SchedulerApp.swift */,
				D214F7E32808DE6600E29678 /* ContentView.swift */,
				D214F7E52808DE6700E29678 /* Assets.xcassets */,
				D214F7E72808DE6700E29678 /* Preview Content */,
			);
			path = "Grandview Scheduler";
			sourceTree = "<group>";
		};
		D214F7E72808DE6700E29678 /* Preview Content */ = {
			isa = PBXGroup;
			children = (
				D214F7E82808DE6700E29678 /* Preview Assets.xcassets */,
			);
			path = "Preview Content";
			sourceTree = "<group>";
		};
		D214F7EF2808DEA200E29678 /* Links */ = {
			isa = PBXGroup;
			children = (
				D214F8002808E05800E29678 /* LunchMenu.swift */,
				D214F8022808E0A300E29678 /* LinkDetails.swift */,
				D214F8042808E0B500E29678 /* LunchList.swift */,
			);
			path = Links;
			sourceTree = "<group>";
		};
		D214F7F02808DEA900E29678 /* Extracirriculars */ = {
			isa = PBXGroup;
			children = (
				D214F8062808E0E500E29678 /* ExtracirricularsDetails.swift */,
				D214F8082808E10900E29678 /* ExtracirricularDetailView.swift */,
				D214F80A2808E14500E29678 /* ExtracirricularsList.swift */,
			);
			path = Extracirriculars;
			sourceTree = "<group>";
		};
		D214F7F12808DEB500E29678 /* ToDoList */ = {
			isa = PBXGroup;
			children = (
			);
			path = ToDoList;
			sourceTree = "<group>";
		};
		D214F7F22808DEC800E29678 /* Model */ = {
			isa = PBXGroup;
			children = (
				D214F7FA2808DFC900E29678 /* Task.swift */,
				D214F7FC2808DFF500E29678 /* TaskForm.swift */,
				D214F7FE2808E02400E29678 /* DateValue.swift */,
			);
			path = Model;
			sourceTree = "<group>";
		};
		D214F7F32808DECE00E29678 /* View */ = {
			isa = PBXGroup;
			children = (
				D214F7F62808DF3100E29678 /* Custom_Date_Picker.swift */,
				D214F7F42808DF2300E29678 /* Home.swift */,
			);
			path = View;
			sourceTree = "<group>";
		};
/* End PBXGroup section */

/* Begin PBXNativeTarget section */
		D214F7DD2808DE6600E29678 /* Grandview Scheduler */ = {
			isa = PBXNativeTarget;
			buildConfigurationList = D214F7EC2808DE6700E29678 /* Build configuration list for PBXNativeTarget "Grandview Scheduler" */;
			buildPhases = (
				D214F7DA2808DE6600E29678 /* Sources */,
				D214F7DB2808DE6600E29678 /* Frameworks */,
				D214F7DC2808DE6600E29678 /* Resources */,
			);
			buildRules = (
			);
			dependencies = (
			);
			name = "Grandview Scheduler";
			productName = "Grandview Scheduler";
			productReference = D214F7DE2808DE6600E29678 /* Grandview Scheduler.app */;
			productType = "com.apple.product-type.application";
		};
/* End PBXNativeTarget section */

/* Begin PBXProject section */
		D214F7D62808DE6600E29678 /* Project object */ = {
			isa = PBXProject;
			attributes = {
				BuildIndependentTargetsInParallel = 1;
				LastSwiftUpdateCheck = 1330;
				LastUpgradeCheck = 1330;
				TargetAttributes = {
					D214F7DD2808DE6600E29678 = {
						CreatedOnToolsVersion = 13.3.1;
					};
				};
			};
			buildConfigurationList = D214F7D92808DE6600E29678 /* Build configuration list for PBXProject "Grandview Scheduler" */;
			compatibilityVersion = "Xcode 13.0";
			developmentRegion = en;
			hasScannedForEncodings = 0;
			knownRegions = (
				en,
				Base,
			);
			mainGroup = D214F7D52808DE6600E29678;
			productRefGroup = D214F7DF2808DE6600E29678 /* Products */;
			projectDirPath = "";
			projectRoot = "";
			targets = (
				D214F7DD2808DE6600E29678 /* Grandview Scheduler */,
			);
		};
/* End PBXProject section */

/* Begin PBXResourcesBuildPhase section */
		D214F7DC2808DE6600E29678 /* Resources */ = {
			isa = PBXResourcesBuildPhase;
			buildActionMask = 2147483647;
			files = (
				D214F7E92808DE6700E29678 /* Preview Assets.xcassets in Resources */,
				D214F7E62808DE6700E29678 /* Assets.xcassets in Resources */,
			);
			runOnlyForDeploymentPostprocessing = 0;
		};
/* End PBXResourcesBuildPhase section */

/* Begin PBXSourcesBuildPhase section */
		D214F7DA2808DE6600E29678 /* Sources */ = {
			isa = PBXSourcesBuildPhase;
			buildActionMask = 2147483647;
			files = (
				D214F7F72808DF3100E29678 /* Custom_Date_Picker.swift in Sources */,
				D214F8072808E0E500E29678 /* ExtracirricularsDetails.swift in Sources */,
				D214F8012808E05800E29678 /* LunchMenu.swift in Sources */,
				D214F7E42808DE6600E29678 /* ContentView.swift in Sources */,
				D214F8092808E10900E29678 /* ExtracirricularDetailView.swift in Sources */,
				D214F7FD2808DFF500E29678 /* TaskForm.swift in Sources */,
				D214F8052808E0B500E29678 /* LunchList.swift in Sources */,
				D214F7FB2808DFC900E29678 /* Task.swift in Sources */,
				D214F8032808E0A300E29678 /* LinkDetails.swift in Sources */,
				D214F80B2808E14500E29678 /* ExtracirricularsList.swift in Sources */,
				D214F7F52808DF2300E29678 /* Home.swift in Sources */,
				D214F7FF2808E02400E29678 /* DateValue.swift in Sources */,
				D214F7E22808DE6600E29678 /* Grandview_SchedulerApp.swift in Sources */,
			);
			runOnlyForDeploymentPostprocessing = 0;
		};
/* End PBXSourcesBuildPhase section */

/* Begin XCBuildConfiguration section */
		D214F7EA2808DE6700E29678 /* Debug */ = {
			isa = XCBuildConfiguration;
			buildSettings = {
				ALWAYS_SEARCH_USER_PATHS = NO;
				CLANG_ANALYZER_NONNULL = YES;
				CLANG_ANALYZER_NUMBER_OBJECT_CONVERSION = YES_AGGRESSIVE;
				CLANG_CXX_LANGUAGE_STANDARD = "gnu++17";
				CLANG_ENABLE_MODULES = YES;
				CLANG_ENABLE_OBJC_ARC = YES;
				CLANG_ENABLE_OBJC_WEAK = YES;
				CLANG_WARN_BLOCK_CAPTURE_AUTORELEASING = YES;
				CLANG_WARN_BOOL_CONVERSION = YES;
				CLANG_WARN_COMMA = YES;
				CLANG_WARN_CONSTANT_CONVERSION = YES;
				CLANG_WARN_DEPRECATED_OBJC_IMPLEMENTATIONS = YES;
				CLANG_WARN_DIRECT_OBJC_ISA_USAGE = YES_ERROR;
				CLANG_WARN_DOCUMENTATION_COMMENTS = YES;
				CLANG_WARN_EMPTY_BODY = YES;
				CLANG_WARN_ENUM_CONVERSION = YES;
				CLANG_WARN_INFINITE_RECURSION = YES;
				CLANG_WARN_INT_CONVERSION = YES;
				CLANG_WARN_NON_LITERAL_NULL_CONVERSION = YES;
				CLANG_WARN_OBJC_IMPLICIT_RETAIN_SELF = YES;
				CLANG_WARN_OBJC_LITERAL_CONVERSION = YES;
				CLANG_WARN_OBJC_ROOT_CLASS = YES_ERROR;
				CLANG_WARN_QUOTED_INCLUDE_IN_FRAMEWORK_HEADER = YES;
				CLANG_WARN_RANGE_LOOP_ANALYSIS = YES;
				CLANG_WARN_STRICT_PROTOTYPES = YES;
				CLANG_WARN_SUSPICIOUS_MOVE = YES;
				CLANG_WARN_UNGUARDED_AVAILABILITY = YES_AGGRESSIVE;
				CLANG_WARN_UNREACHABLE_CODE = YES;
				CLANG_WARN__DUPLICATE_METHOD_MATCH = YES;
				COPY_PHASE_STRIP = NO;
				DEBUG_INFORMATION_FORMAT = dwarf;
				ENABLE_STRICT_OBJC_MSGSEND = YES;
				ENABLE_TESTABILITY = YES;
				GCC_C_LANGUAGE_STANDARD = gnu11;
				GCC_DYNAMIC_NO_PIC = NO;
				GCC_NO_COMMON_BLOCKS = YES;
				GCC_OPTIMIZATION_LEVEL = 0;
				GCC_PREPROCESSOR_DEFINITIONS = (
					"DEBUG=1",
					"$(inherited)",
				);
				GCC_WARN_64_TO_32_BIT_CONVERSION = YES;
				GCC_WARN_ABOUT_RETURN_TYPE = YES_ERROR;
				GCC_WARN_UNDECLARED_SELECTOR = YES;
				GCC_WARN_UNINITIALIZED_AUTOS = YES_AGGRESSIVE;
				GCC_WARN_UNUSED_FUNCTION = YES;
				GCC_WARN_UNUSED_VARIABLE = YES;
				IPHONEOS_DEPLOYMENT_TARGET = 15.4;
				MTL_ENABLE_DEBUG_INFO = INCLUDE_SOURCE;
				MTL_FAST_MATH = YES;
				ONLY_ACTIVE_ARCH = YES;
				SDKROOT = iphoneos;
				SWIFT_ACTIVE_COMPILATION_CONDITIONS = DEBUG;
				SWIFT_OPTIMIZATION_LEVEL = "-Onone";
			};
			name = Debug;
		};
		D214F7EB2808DE6700E29678 /* Release */ = {
			isa = XCBuildConfiguration;
			buildSettings = {
				ALWAYS_SEARCH_USER_PATHS = NO;
				CLANG_ANALYZER_NONNULL = YES;
				CLANG_ANALYZER_NUMBER_OBJECT_CONVERSION = YES_AGGRESSIVE;
				CLANG_CXX_LANGUAGE_STANDARD = "gnu++17";
				CLANG_ENABLE_MODULES = YES;
				CLANG_ENABLE_OBJC_ARC = YES;
				CLANG_ENABLE_OBJC_WEAK = YES;
				CLANG_WARN_BLOCK_CAPTURE_AUTORELEASING = YES;
				CLANG_WARN_BOOL_CONVERSION = YES;
				CLANG_WARN_COMMA = YES;
				CLANG_WARN_CONSTANT_CONVERSION = YES;
				CLANG_WARN_DEPRECATED_OBJC_IMPLEMENTATIONS = YES;
				CLANG_WARN_DIRECT_OBJC_ISA_USAGE = YES_ERROR;
				CLANG_WARN_DOCUMENTATION_COMMENTS = YES;
				CLANG_WARN_EMPTY_BODY = YES;
				CLANG_WARN_ENUM_CONVERSION = YES;
				CLANG_WARN_INFINITE_RECURSION = YES;
				CLANG_WARN_INT_CONVERSION = YES;
				CLANG_WARN_NON_LITERAL_NULL_CONVERSION = YES;
				CLANG_WARN_OBJC_IMPLICIT_RETAIN_SELF = YES;
				CLANG_WARN_OBJC_LITERAL_CONVERSION = YES;
				CLANG_WARN_OBJC_ROOT_CLASS = YES_ERROR;
				CLANG_WARN_QUOTED_INCLUDE_IN_FRAMEWORK_HEADER = YES;
				CLANG_WARN_RANGE_LOOP_ANALYSIS = YES;
				CLANG_WARN_STRICT_PROTOTYPES = YES;
				CLANG_WARN_SUSPICIOUS_MOVE = YES;
				CLANG_WARN_UNGUARDED_AVAILABILITY = YES_AGGRESSIVE;
				CLANG_WARN_UNREACHABLE_CODE = YES;
				CLANG_WARN__DUPLICATE_METHOD_MATCH = YES;
				COPY_PHASE_STRIP = NO;
				DEBUG_INFORMATION_FORMAT = "dwarf-with-dsym";
				ENABLE_NS_ASSERTIONS = NO;
				ENABLE_STRICT_OBJC_MSGSEND = YES;
				GCC_C_LANGUAGE_STANDARD = gnu11;
				GCC_NO_COMMON_BLOCKS = YES;
				GCC_WARN_64_TO_32_BIT_CONVERSION = YES;
				GCC_WARN_ABOUT_RETURN_TYPE = YES_ERROR;
				GCC_WARN_UNDECLARED_SELECTOR = YES;
				GCC_WARN_UNINITIALIZED_AUTOS = YES_AGGRESSIVE;
				GCC_WARN_UNUSED_FUNCTION = YES;
				GCC_WARN_UNUSED_VARIABLE = YES;
				IPHONEOS_DEPLOYMENT_TARGET = 15.4;
				MTL_ENABLE_DEBUG_INFO = NO;
				MTL_FAST_MATH = YES;
				SDKROOT = iphoneos;
				SWIFT_COMPILATION_MODE = wholemodule;
				SWIFT_OPTIMIZATION_LEVEL = "-O";
				VALIDATE_PRODUCT = YES;
			};
			name = Release;
		};
		D214F7ED2808DE6700E29678 /* Debug */ = {
			isa = XCBuildConfiguration;
			buildSettings = {
				ASSETCATALOG_COMPILER_APPICON_NAME = AppIcon;
				ASSETCATALOG_COMPILER_GLOBAL_ACCENT_COLOR_NAME = AccentColor;
				CODE_SIGN_STYLE = Automatic;
				CURRENT_PROJECT_VERSION = 1;
				DEVELOPMENT_ASSET_PATHS = "\"Grandview Scheduler/Preview Content\"";
				DEVELOPMENT_TEAM = YU572J2T37;
				ENABLE_PREVIEWS = YES;
				GENERATE_INFOPLIST_FILE = YES;
				INFOPLIST_KEY_UIApplicationSceneManifest_Generation = YES;
				INFOPLIST_KEY_UIApplicationSupportsIndirectInputEvents = YES;
				INFOPLIST_KEY_UILaunchScreen_Generation = YES;
				INFOPLIST_KEY_UISupportedInterfaceOrientations_iPad = "UIInterfaceOrientationPortrait UIInterfaceOrientationPortraitUpsideDown UIInterfaceOrientationLandscapeLeft UIInterfaceOrientationLandscapeRight";
				INFOPLIST_KEY_UISupportedInterfaceOrientations_iPhone = "UIInterfaceOrientationPortrait UIInterfaceOrientationLandscapeLeft UIInterfaceOrientationLandscapeRight";
				LD_RUNPATH_SEARCH_PATHS = (
					"$(inherited)",
					"@executable_path/Frameworks",
				);
				MARKETING_VERSION = 1.0;
				PRODUCT_BUNDLE_IDENTIFIER = "GrandviewHighSchool.Grandview-Scheduler";
				PRODUCT_NAME = "$(TARGET_NAME)";
				SWIFT_EMIT_LOC_STRINGS = YES;
				SWIFT_VERSION = 5.0;
				TARGETED_DEVICE_FAMILY = "1,2";
			};
			name = Debug;
		};
		D214F7EE2808DE6700E29678 /* Release */ = {
			isa = XCBuildConfiguration;
			buildSettings = {
				ASSETCATALOG_COMPILER_APPICON_NAME = AppIcon;
				ASSETCATALOG_COMPILER_GLOBAL_ACCENT_COLOR_NAME = AccentColor;
				CODE_SIGN_STYLE = Automatic;
				CURRENT_PROJECT_VERSION = 1;
				DEVELOPMENT_ASSET_PATHS = "\"Grandview Scheduler/Preview Content\"";
				DEVELOPMENT_TEAM = YU572J2T37;
				ENABLE_PREVIEWS = YES;
				GENERATE_INFOPLIST_FILE = YES;
				INFOPLIST_KEY_UIApplicationSceneManifest_Generation = YES;
				INFOPLIST_KEY_UIApplicationSupportsIndirectInputEvents = YES;
				INFOPLIST_KEY_UILaunchScreen_Generation = YES;
				INFOPLIST_KEY_UISupportedInterfaceOrientations_iPad = "UIInterfaceOrientationPortrait UIInterfaceOrientationPortraitUpsideDown UIInterfaceOrientationLandscapeLeft UIInterfaceOrientationLandscapeRight";
				INFOPLIST_KEY_UISupportedInterfaceOrientations_iPhone = "UIInterfaceOrientationPortrait UIInterfaceOrientationLandscapeLeft UIInterfaceOrientationLandscapeRight";
				LD_RUNPATH_SEARCH_PATHS = (
					"$(inherited)",
					"@executable_path/Frameworks",
				);
				MARKETING_VERSION = 1.0;
				PRODUCT_BUNDLE_IDENTIFIER = "GrandviewHighSchool.Grandview-Scheduler";
				PRODUCT_NAME = "$(TARGET_NAME)";
				SWIFT_EMIT_LOC_STRINGS = YES;
				SWIFT_VERSION = 5.0;
				TARGETED_DEVICE_FAMILY = "1,2";
			};
			name = Release;
		};
/* End XCBuildConfiguration section */

/* Begin XCConfigurationList section */
		D214F7D92808DE6600E29678 /* Build configuration list for PBXProject "Grandview Scheduler" */ = {
			isa = XCConfigurationList;
			buildConfigurations = (
				D214F7EA2808DE6700E29678 /* Debug */,
				D214F7EB2808DE6700E29678 /* Release */,
			);
			defaultConfigurationIsVisible = 0;
			defaultConfigurationName = Release;
		};
		D214F7EC2808DE6700E29678 /* Build configuration list for PBXNativeTarget "Grandview Scheduler" */ = {
			isa = XCConfigurationList;
			buildConfigurations = (
				D214F7ED2808DE6700E29678 /* Debug */,
				D214F7EE2808DE6700E29678 /* Release */,
			);
			defaultConfigurationIsVisible = 0;
			defaultConfigurationName = Release;
		};
/* End XCConfigurationList section */
	};
	rootObject = D214F7D62808DE6600E29678 /* Project object */;
}
